// !$*UTF8*$!
{
	archiveVersion = 1;
	classes = {
	};
	objectVersion = 55;
	objects = {

/* Begin PBXBuildFile section */
		804B8D0D27F1527600D99379 /* SwiftUIInteropTestAppApp.swift in Sources */ = {isa = PBXBuildFile; fileRef = 804B8D0C27F1527600D99379 /* SwiftUIInteropTestAppApp.swift */; };
		804B8D0F27F1527600D99379 /* ContentView.swift in Sources */ = {isa = PBXBuildFile; fileRef = 804B8D0E27F1527600D99379 /* ContentView.swift */; };
		804B8D1127F1527800D99379 /* Assets.xcassets in Resources */ = {isa = PBXBuildFile; fileRef = 804B8D1027F1527800D99379 /* Assets.xcassets */; };
		804B8D1427F1527800D99379 /* Preview Assets.xcassets in Resources */ = {isa = PBXBuildFile; fileRef = 804B8D1327F1527800D99379 /* Preview Assets.xcassets */; };
		804B8D1B27F1533800D99379 /* TestPage1.swift in Sources */ = {isa = PBXBuildFile; fileRef = 804B8D1A27F1533800D99379 /* TestPage1.swift */; };
		804B8D1D27F1534200D99379 /* TestPage2.swift in Sources */ = {isa = PBXBuildFile; fileRef = 804B8D1C27F1534200D99379 /* TestPage2.swift */; };
		804B8D1F27F1534B00D99379 /* TestPage3.swift in Sources */ = {isa = PBXBuildFile; fileRef = 804B8D1E27F1534B00D99379 /* TestPage3.swift */; };
		804B8D2127F1535100D99379 /* TestPage4.swift in Sources */ = {isa = PBXBuildFile; fileRef = 804B8D2027F1535100D99379 /* TestPage4.swift */; };
		804B8D2327F1543C00D99379 /* CustomHostingController.swift in Sources */ = {isa = PBXBuildFile; fileRef = 804B8D2227F1543C00D99379 /* CustomHostingController.swift */; };
/* End PBXBuildFile section */

/* Begin PBXFileReference section */
		804B8D0927F1527600D99379 /* SwiftUIInteropTestApp.app */ = {isa = PBXFileReference; explicitFileType = wrapper.application; includeInIndex = 0; path = SwiftUIInteropTestApp.app; sourceTree = BUILT_PRODUCTS_DIR; };
		804B8D0C27F1527600D99379 /* SwiftUIInteropTestAppApp.swift */ = {isa = PBXFileReference; lastKnownFileType = sourcecode.swift; path = SwiftUIInteropTestAppApp.swift; sourceTree = "<group>"; };
		804B8D0E27F1527600D99379 /* ContentView.swift */ = {isa = PBXFileReference; lastKnownFileType = sourcecode.swift; path = ContentView.swift; sourceTree = "<group>"; };
		804B8D1027F1527800D99379 /* Assets.xcassets */ = {isa = PBXFileReference; lastKnownFileType = folder.assetcatalog; path = Assets.xcassets; sourceTree = "<group>"; };
		804B8D1327F1527800D99379 /* Preview Assets.xcassets */ = {isa = PBXFileReference; lastKnownFileType = folder.assetcatalog; path = "Preview Assets.xcassets"; sourceTree = "<group>"; };
		804B8D1A27F1533800D99379 /* TestPage1.swift */ = {isa = PBXFileReference; lastKnownFileType = sourcecode.swift; path = TestPage1.swift; sourceTree = "<group>"; };
		804B8D1C27F1534200D99379 /* TestPage2.swift */ = {isa = PBXFileReference; lastKnownFileType = sourcecode.swift; path = TestPage2.swift; sourceTree = "<group>"; };
		804B8D1E27F1534B00D99379 /* TestPage3.swift */ = {isa = PBXFileReference; lastKnownFileType = sourcecode.swift; path = TestPage3.swift; sourceTree = "<group>"; };
		804B8D2027F1535100D99379 /* TestPage4.swift */ = {isa = PBXFileReference; lastKnownFileType = sourcecode.swift; path = TestPage4.swift; sourceTree = "<group>"; };
		804B8D2227F1543C00D99379 /* CustomHostingController.swift */ = {isa = PBXFileReference; lastKnownFileType = sourcecode.swift; path = CustomHostingController.swift; sourceTree = "<group>"; };
/* End PBXFileReference section */

/* Begin PBXFrameworksBuildPhase section */
		804B8D0627F1527600D99379 /* Frameworks */ = {
			isa = PBXFrameworksBuildPhase;
			buildActionMask = 2147483647;
			files = (
			);
			runOnlyForDeploymentPostprocessing = 0;
		};
/* End PBXFrameworksBuildPhase section */

/* Begin PBXGroup section */
		804B8D0027F1527600D99379 = {
			isa = PBXGroup;
			children = (
				804B8D0B27F1527600D99379 /* SwiftUIInteropTestApp */,
				804B8D0A27F1527600D99379 /* Products */,
			);
			sourceTree = "<group>";
		};
		804B8D0A27F1527600D99379 /* Products */ = {
			isa = PBXGroup;
			children = (
				804B8D0927F1527600D99379 /* SwiftUIInteropTestApp.app */,
			);
			name = Products;
			sourceTree = "<group>";
		};
		804B8D0B27F1527600D99379 /* SwiftUIInteropTestApp */ = {
			isa = PBXGroup;
			children = (
				804B8D0C27F1527600D99379 /* SwiftUIInteropTestAppApp.swift */,
				804B8D2227F1543C00D99379 /* CustomHostingController.swift */,
				804B8D0E27F1527600D99379 /* ContentView.swift */,
				804B8D1A27F1533800D99379 /* TestPage1.swift */,
				804B8D1C27F1534200D99379 /* TestPage2.swift */,
				804B8D1E27F1534B00D99379 /* TestPage3.swift */,
				804B8D2027F1535100D99379 /* TestPage4.swift */,
				804B8D1027F1527800D99379 /* Assets.xcassets */,
				804B8D1227F1527800D99379 /* Preview Content */,
			);
			path = SwiftUIInteropTestApp;
			sourceTree = "<group>";
		};
		804B8D1227F1527800D99379 /* Preview Content */ = {
			isa = PBXGroup;
			children = (
				804B8D1327F1527800D99379 /* Preview Assets.xcassets */,
			);
			path = "Preview Content";
			sourceTree = "<group>";
		};
/* End PBXGroup section */

/* Begin PBXNativeTarget section */
		804B8D0827F1527600D99379 /* SwiftUIInteropTestApp */ = {
			isa = PBXNativeTarget;
			buildConfigurationList = 804B8D1727F1527800D99379 /* Build configuration list for PBXNativeTarget "SwiftUIInteropTestApp" */;
			buildPhases = (
				804B8D0527F1527600D99379 /* Sources */,
				804B8D0627F1527600D99379 /* Frameworks */,
				804B8D0727F1527600D99379 /* Resources */,
			);
			buildRules = (
			);
			dependencies = (
			);
			name = SwiftUIInteropTestApp;
			productName = SwiftUIInteropTestApp;
			productReference = 804B8D0927F1527600D99379 /* SwiftUIInteropTestApp.app */;
			productType = "com.apple.product-type.application";
		};
/* End PBXNativeTarget section */

/* Begin PBXProject section */
		804B8D0127F1527600D99379 /* Project object */ = {
			isa = PBXProject;
			attributes = {
				BuildIndependentTargetsInParallel = 1;
				LastSwiftUpdateCheck = 1320;
				LastUpgradeCheck = 1320;
				TargetAttributes = {
					804B8D0827F1527600D99379 = {
						CreatedOnToolsVersion = 13.2.1;
					};
				};
			};
			buildConfigurationList = 804B8D0427F1527600D99379 /* Build configuration list for PBXProject "SwiftUIInteropTestApp" */;
			compatibilityVersion = "Xcode 13.0";
			developmentRegion = en;
			hasScannedForEncodings = 0;
			knownRegions = (
				en,
				Base,
			);
			mainGroup = 804B8D0027F1527600D99379;
			productRefGroup = 804B8D0A27F1527600D99379 /* Products */;
			projectDirPath = "";
			projectRoot = "";
			targets = (
				804B8D0827F1527600D99379 /* SwiftUIInteropTestApp */,
			);
		};
/* End PBXProject section */

/* Begin PBXResourcesBuildPhase section */
		804B8D0727F1527600D99379 /* Resources */ = {
			isa = PBXResourcesBuildPhase;
			buildActionMask = 2147483647;
			files = (
				804B8D1427F1527800D99379 /* Preview Assets.xcassets in Resources */,
				804B8D1127F1527800D99379 /* Assets.xcassets in Resources */,
			);
			runOnlyForDeploymentPostprocessing = 0;
		};
/* End PBXResourcesBuildPhase section */

/* Begin PBXSourcesBuildPhase section */
		804B8D0527F1527600D99379 /* Sources */ = {
			isa = PBXSourcesBuildPhase;
			buildActionMask = 2147483647;
			files = (
				804B8D1B27F1533800D99379 /* TestPage1.swift in Sources */,
				804B8D2127F1535100D99379 /* TestPage4.swift in Sources */,
				804B8D0F27F1527600D99379 /* ContentView.swift in Sources */,
				804B8D0D27F1527600D99379 /* SwiftUIInteropTestAppApp.swift in Sources */,
				804B8D1F27F1534B00D99379 /* TestPage3.swift in Sources */,
				804B8D2327F1543C00D99379 /* CustomHostingController.swift in Sources */,
				804B8D1D27F1534200D99379 /* TestPage2.swift in Sources */,
			);
			runOnlyForDeploymentPostprocessing = 0;
		};
/* End PBXSourcesBuildPhase section */

/* Begin XCBuildConfiguration section */
		804B8D1527F1527800D99379 /* Debug */ = {
			isa = XCBuildConfiguration;
			buildSettings = {
				ALWAYS_SEARCH_USER_PATHS = NO;
				CLANG_ANALYZER_NONNULL = YES;
				CLANG_ANALYZER_NUMBER_OBJECT_CONVERSION = YES_AGGRESSIVE;
				CLANG_CXX_LANGUAGE_STANDARD = "gnu++17";
				CLANG_CXX_LIBRARY = "libc++";
				CLANG_ENABLE_MODULES = YES;
				CLANG_ENABLE_OBJC_ARC = YES;
				CLANG_ENABLE_OBJC_WEAK = YES;
				CLANG_WARN_BLOCK_CAPTURE_AUTORELEASING = YES;
				CLANG_WARN_BOOL_CONVERSION = YES;
				CLANG_WARN_COMMA = YES;
				CLANG_WARN_CONSTANT_CONVERSION = YES;
				CLANG_WARN_DEPRECATED_OBJC_IMPLEMENTATIONS = YES;
				CLANG_WARN_DIRECT_OBJC_ISA_USAGE = YES_ERROR;
				CLANG_WARN_DOCUMENTATION_COMMENTS = YES;
				CLANG_WARN_EMPTY_BODY = YES;
				CLANG_WARN_ENUM_CONVERSION = YES;
				CLANG_WARN_INFINITE_RECURSION = YES;
				CLANG_WARN_INT_CONVERSION = YES;
				CLANG_WARN_NON_LITERAL_NULL_CONVERSION = YES;
				CLANG_WARN_OBJC_IMPLICIT_RETAIN_SELF = YES;
				CLANG_WARN_OBJC_LITERAL_CONVERSION = YES;
				CLANG_WARN_OBJC_ROOT_CLASS = YES_ERROR;
				CLANG_WARN_QUOTED_INCLUDE_IN_FRAMEWORK_HEADER = YES;
				CLANG_WARN_RANGE_LOOP_ANALYSIS = YES;
				CLANG_WARN_STRICT_PROTOTYPES = YES;
				CLANG_WARN_SUSPICIOUS_MOVE = YES;
				CLANG_WARN_UNGUARDED_AVAILABILITY = YES_AGGRESSIVE;
				CLANG_WARN_UNREACHABLE_CODE = YES;
				CLANG_WARN__DUPLICATE_METHOD_MATCH = YES;
				COPY_PHASE_STRIP = NO;
				DEBUG_INFORMATION_FORMAT = dwarf;
				ENABLE_STRICT_OBJC_MSGSEND = YES;
				ENABLE_TESTABILITY = YES;
				GCC_C_LANGUAGE_STANDARD = gnu11;
				GCC_DYNAMIC_NO_PIC = NO;
				GCC_NO_COMMON_BLOCKS = YES;
				GCC_OPTIMIZATION_LEVEL = 0;
				GCC_PREPROCESSOR_DEFINITIONS = (
					"DEBUG=1",
					"$(inherited)",
				);
				GCC_WARN_64_TO_32_BIT_CONVERSION = YES;
				GCC_WARN_ABOUT_RETURN_TYPE = YES_ERROR;
				GCC_WARN_UNDECLARED_SELECTOR = YES;
				GCC_WARN_UNINITIALIZED_AUTOS = YES_AGGRESSIVE;
				GCC_WARN_UNUSED_FUNCTION = YES;
				GCC_WARN_UNUSED_VARIABLE = YES;
				IPHONEOS_DEPLOYMENT_TARGET = 15.2;
				MTL_ENABLE_DEBUG_INFO = INCLUDE_SOURCE;
				MTL_FAST_MATH = YES;
				ONLY_ACTIVE_ARCH = YES;
				SDKROOT = iphoneos;
				SWIFT_ACTIVE_COMPILATION_CONDITIONS = DEBUG;
				SWIFT_OPTIMIZATION_LEVEL = "-Onone";
			};
			name = Debug;
		};
		804B8D1627F1527800D99379 /* Release */ = {
			isa = XCBuildConfiguration;
			buildSettings = {
				ALWAYS_SEARCH_USER_PATHS = NO;
				CLANG_ANALYZER_NONNULL = YES;
				CLANG_ANALYZER_NUMBER_OBJECT_CONVERSION = YES_AGGRESSIVE;
				CLANG_CXX_LANGUAGE_STANDARD = "gnu++17";
				CLANG_CXX_LIBRARY = "libc++";
				CLANG_ENABLE_MODULES = YES;
				CLANG_ENABLE_OBJC_ARC = YES;
				CLANG_ENABLE_OBJC_WEAK = YES;
				CLANG_WARN_BLOCK_CAPTURE_AUTORELEASING = YES;
				CLANG_WARN_BOOL_CONVERSION = YES;
				CLANG_WARN_COMMA = YES;
				CLANG_WARN_CONSTANT_CONVERSION = YES;
				CLANG_WARN_DEPRECATED_OBJC_IMPLEMENTATIONS = YES;
				CLANG_WARN_DIRECT_OBJC_ISA_USAGE = YES_ERROR;
				CLANG_WARN_DOCUMENTATION_COMMENTS = YES;
				CLANG_WARN_EMPTY_BODY = YES;
				CLANG_WARN_ENUM_CONVERSION = YES;
				CLANG_WARN_INFINITE_RECURSION = YES;
				CLANG_WARN_INT_CONVERSION = YES;
				CLANG_WARN_NON_LITERAL_NULL_CONVERSION = YES;
				CLANG_WARN_OBJC_IMPLICIT_RETAIN_SELF = YES;
				CLANG_WARN_OBJC_LITERAL_CONVERSION = YES;
				CLANG_WARN_OBJC_ROOT_CLASS = YES_ERROR;
				CLANG_WARN_QUOTED_INCLUDE_IN_FRAMEWORK_HEADER = YES;
				CLANG_WARN_RANGE_LOOP_ANALYSIS = YES;
				CLANG_WARN_STRICT_PROTOTYPES = YES;
				CLANG_WARN_SUSPICIOUS_MOVE = YES;
				CLANG_WARN_UNGUARDED_AVAILABILITY = YES_AGGRESSIVE;
				CLANG_WARN_UNREACHABLE_CODE = YES;
				CLANG_WARN__DUPLICATE_METHOD_MATCH = YES;
				COPY_PHASE_STRIP = NO;
				DEBUG_INFORMATION_FORMAT = "dwarf-with-dsym";
				ENABLE_NS_ASSERTIONS = NO;
				ENABLE_STRICT_OBJC_MSGSEND = YES;
				GCC_C_LANGUAGE_STANDARD = gnu11;
				GCC_NO_COMMON_BLOCKS = YES;
				GCC_WARN_64_TO_32_BIT_CONVERSION = YES;
				GCC_WARN_ABOUT_RETURN_TYPE = YES_ERROR;
				GCC_WARN_UNDECLARED_SELECTOR = YES;
				GCC_WARN_UNINITIALIZED_AUTOS = YES_AGGRESSIVE;
				GCC_WARN_UNUSED_FUNCTION = YES;
				GCC_WARN_UNUSED_VARIABLE = YES;
				IPHONEOS_DEPLOYMENT_TARGET = 15.2;
				MTL_ENABLE_DEBUG_INFO = NO;
				MTL_FAST_MATH = YES;
				SDKROOT = iphoneos;
				SWIFT_COMPILATION_MODE = wholemodule;
				SWIFT_OPTIMIZATION_LEVEL = "-O";
				VALIDATE_PRODUCT = YES;
			};
			name = Release;
		};
		804B8D1827F1527800D99379 /* Debug */ = {
			isa = XCBuildConfiguration;
			buildSettings = {
				ASSETCATALOG_COMPILER_APPICON_NAME = AppIcon;
				ASSETCATALOG_COMPILER_GLOBAL_ACCENT_COLOR_NAME = AccentColor;
				CODE_SIGN_STYLE = Automatic;
				CURRENT_PROJECT_VERSION = 1;
				DEVELOPMENT_ASSET_PATHS = "\"SwiftUIInteropTestApp/Preview Content\"";
				DEVELOPMENT_TEAM = XY673R7RR6;
				ENABLE_PREVIEWS = YES;
				GENERATE_INFOPLIST_FILE = YES;
				INFOPLIST_KEY_UIApplicationSceneManifest_Generation = YES;
				INFOPLIST_KEY_UIApplicationSupportsIndirectInputEvents = YES;
				INFOPLIST_KEY_UILaunchScreen_Generation = YES;
				INFOPLIST_KEY_UISupportedInterfaceOrientations_iPad = "UIInterfaceOrientationPortrait UIInterfaceOrientationPortraitUpsideDown UIInterfaceOrientationLandscapeLeft UIInterfaceOrientationLandscapeRight";
				INFOPLIST_KEY_UISupportedInterfaceOrientations_iPhone = "UIInterfaceOrientationPortrait UIInterfaceOrientationLandscapeLeft UIInterfaceOrientationLandscapeRight";
				LD_RUNPATH_SEARCH_PATHS = (
					"$(inherited)",
					"@executable_path/Frameworks",
				);
				MARKETING_VERSION = 1.0;
				PRODUCT_BUNDLE_IDENTIFIER = com.lucap.SwiftUIInteropTestApp;
				PRODUCT_NAME = "$(TARGET_NAME)";
				SWIFT_EMIT_LOC_STRINGS = YES;
				SWIFT_VERSION = 5.0;
				TARGETED_DEVICE_FAMILY = "1,2";
			};
			name = Debug;
		};
		804B8D1927F1527800D99379 /* Release */ = {
			isa = XCBuildConfiguration;
			buildSettings = {
				ASSETCATALOG_COMPILER_APPICON_NAME = AppIcon;
				ASSETCATALOG_COMPILER_GLOBAL_ACCENT_COLOR_NAME = AccentColor;
				CODE_SIGN_STYLE = Automatic;
				CURRENT_PROJECT_VERSION = 1;
				DEVELOPMENT_ASSET_PATHS = "\"SwiftUIInteropTestApp/Preview Content\"";
				DEVELOPMENT_TEAM = XY673R7RR6;
				ENABLE_PREVIEWS = YES;
				GENERATE_INFOPLIST_FILE = YES;
				INFOPLIST_KEY_UIApplicationSceneManifest_Generation = YES;
				INFOPLIST_KEY_UIApplicationSupportsIndirectInputEvents = YES;
				INFOPLIST_KEY_UILaunchScreen_Generation = YES;
				INFOPLIST_KEY_UISupportedInterfaceOrientations_iPad = "UIInterfaceOrientationPortrait UIInterfaceOrientationPortraitUpsideDown UIInterfaceOrientationLandscapeLeft UIInterfaceOrientationLandscapeRight";
				INFOPLIST_KEY_UISupportedInterfaceOrientations_iPhone = "UIInterfaceOrientationPortrait UIInterfaceOrientationLandscapeLeft UIInterfaceOrientationLandscapeRight";
				LD_RUNPATH_SEARCH_PATHS = (
					"$(inherited)",
					"@executable_path/Frameworks",
				);
				MARKETING_VERSION = 1.0;
				PRODUCT_BUNDLE_IDENTIFIER = com.lucap.SwiftUIInteropTestApp;
				PRODUCT_NAME = "$(TARGET_NAME)";
				SWIFT_EMIT_LOC_STRINGS = YES;
				SWIFT_VERSION = 5.0;
				TARGETED_DEVICE_FAMILY = "1,2";
			};
			name = Release;
		};
/* End XCBuildConfiguration section */

/* Begin XCConfigurationList section */
		804B8D0427F1527600D99379 /* Build configuration list for PBXProject "SwiftUIInteropTestApp" */ = {
			isa = XCConfigurationList;
			buildConfigurations = (
				804B8D1527F1527800D99379 /* Debug */,
				804B8D1627F1527800D99379 /* Release */,
			);
			defaultConfigurationIsVisible = 0;
			defaultConfigurationName = Release;
		};
		804B8D1727F1527800D99379 /* Build configuration list for PBXNativeTarget "SwiftUIInteropTestApp" */ = {
			isa = XCConfigurationList;
			buildConfigurations = (
				804B8D1827F1527800D99379 /* Debug */,
				804B8D1927F1527800D99379 /* Release */,
			);
			defaultConfigurationIsVisible = 0;
			defaultConfigurationName = Release;
		};
/* End XCConfigurationList section */
	};
	rootObject = 804B8D0127F1527600D99379 /* Project object */;
}
